schema: '2.0'
stages:
  fetch:
    cmd: python src/llm_eval/fetch_data.py
    deps:
    - path: src/llm_eval/fetch_data.py
      hash: md5
      md5: 10194a16edb7620ed4342e00104f5f95
      size: 307
    outs:
    - path: data/eidc_metadata.json
      hash: md5
      md5: 5db14ae6031ed3bb3a99588a0a313bda
      size: 101
  prepare:
    cmd: python src/llm_eval/prepare_data.py
    deps:
    - path: data/eidc_metadata.json
      hash: md5
      md5: 5db14ae6031ed3bb3a99588a0a313bda
      size: 101
    - path: src/llm_eval/prepare_data.py
      hash: md5
      md5: d285150e5a1f7c252c0a4562bf24ce0e
      size: 519
    outs:
    - path: data/prepared_data.json
      hash: md5
      md5: a6ed512685f3c5f2073517183fbad9fa
      size: 17005
